{
  "name": "UNIVERSITY PROJECT",
  "lockfileVersion": 3,
  "requires": true,
  "packages": {
    "": {
      "dependencies": {
        "@lexical/html": "^0.30.0"
      }
    },
    "node_modules/@lexical/clipboard": {
      "version": "0.30.0",
      "resolved": "https://registry.npmjs.org/@lexical/clipboard/-/clipboard-0.30.0.tgz",
      "integrity": "sha512-taWQURtE6xF4Jy4I8teQw3+nVBVNO1r+9N9voXeivgwxSrAM40rjqQ/aZEKxWbwZtfkABDkCEArbVrqP0SkWcQ==",
      "license": "MIT",
      "dependencies": {
        "@lexical/html": "0.30.0",
        "@lexical/list": "0.30.0",
        "@lexical/selection": "0.30.0",
        "@lexical/utils": "0.30.0",
        "lexical": "0.30.0"
      }
    },
    "node_modules/@lexical/html": {
      "version": "0.30.0",
      "resolved": "https://registry.npmjs.org/@lexical/html/-/html-0.30.0.tgz",
      "integrity": "sha512-GdegWO6RjJ7eE+yD3Z0X/OpT88SZjOs3DyQ0rgrZy3z7RPaFCbEEcq0M/NssJbKAB1XOFUsUFrnS7kZs1vJzGg==",
      "license": "MIT",
      "dependencies": {
        "@lexical/selection": "0.30.0",
        "@lexical/utils": "0.30.0",
        "lexical": "0.30.0"
      }
    },
    "node_modules/@lexical/list": {
      "version": "0.30.0",
      "resolved": "https://registry.npmjs.org/@lexical/list/-/list-0.30.0.tgz",
      "integrity": "sha512-WKnwH+Cg+j2I0EbaEyPHo8MPNyrqQV3W1NmH5Mf/iRxCq42z7NJxemhmRUxbqv8vsugACwBkh2RlkhekRXmUQQ==",
      "license": "MIT",
      "dependencies": {
        "@lexical/selection": "0.30.0",
        "@lexical/utils": "0.30.0",
        "lexical": "0.30.0"
      }
    },
    "node_modules/@lexical/selection": {
      "version": "0.30.0",
      "resolved": "https://registry.npmjs.org/@lexical/selection/-/selection-0.30.0.tgz",
      "integrity": "sha512-Ys2XfSmIV/Irg6Xo663YtR4jozIv/7sDemArkEGHT0fxZn2py5qftowPF5IBqFYxKTigAdv5vVPwusBvAnLIEg==",
      "license": "MIT",
      "dependencies": {
        "lexical": "0.30.0"
      }
    },
    "node_modules/@lexical/table": {
      "version": "0.30.0",
      "resolved": "https://registry.npmjs.org/@lexical/table/-/table-0.30.0.tgz",
      "integrity": "sha512-XPCIMIGnZLKTa5/4cP16bXbmzvMndPR273HNl7ZaF35ky7UjZxdj42HBbE7q9zw2zbRPDiO77EyhYA0p20cbdw==",
      "license": "MIT",
      "dependencies": {
        "@lexical/clipboard": "0.30.0",
        "@lexical/utils": "0.30.0",
        "lexical": "0.30.0"
      }
    },
    "node_modules/@lexical/utils": {
      "version": "0.30.0",
      "resolved": "https://registry.npmjs.org/@lexical/utils/-/utils-0.30.0.tgz",
      "integrity": "sha512-VJlAUhupCZmnbYYX3zMWovd4viu2guR01sAqKGbbOMbP+4rlaymixFbinvNPaRKDBloOARi+fpiveQFxnyr/Ew==",
      "license": "MIT",
      "dependencies": {
        "@lexical/list": "0.30.0",
        "@lexical/selection": "0.30.0",
        "@lexical/table": "0.30.0",
        "lexical": "0.30.0"
      }
    },
    "node_modules/lexical": {
      "version": "0.30.0",
      "resolved": "https://registry.npmjs.org/lexical/-/lexical-0.30.0.tgz",
      "integrity": "sha512-6gxYeXaJiAcreJD0whCofvO0MuJmnWoIgIl1w7L5FTigfhnEohuCx2SoI/oywzfzXE9gzZnyr3rVvZrMItPL8A==",
      "license": "MIT"
    }
  }
}
